
Microsoft Visual Studio Solution File, Format Version 12.00
# Visual Studio 15
VisualStudioVersion = 15.0.27703.2035
MinimumVisualStudioVersion = 10.0.40219.1
Project("{FAE04EC0-301F-11D3-BF4B-00C04F79EFBC}") = "SimpleAccountThread", "SimpleAccountThread\SimpleAccountThread.csproj", "{EF3AF7EE-06FA-48BD-9BFB-9FBBA2C927A0}"
EndProject
Global
	GlobalSection(SolutionConfigurationPlatforms) = preSolution
		Debug|Any CPU = Debug|Any CPU
		Release|Any CPU = Release|Any CPU
	EndGlobalSection
	GlobalSection(ProjectConfigurationPlatforms) = postSolution
		{EF3AF7EE-06FA-48BD-9BFB-9FBBA2C927A0}.Debug|Any CPU.ActiveCfg = Debug|Any CPU
		{EF3AF7EE-06FA-48BD-9BFB-9FBBA2C927A0}.Debug|Any CPU.Build.0 = Debug|Any CPU
		{EF3AF7EE-06FA-48BD-9BFB-9FBBA2C927A0}.Release|Any CPU.ActiveCfg = Release|Any CPU
		{EF3AF7EE-06FA-48BD-9BFB-9FBBA2C927A0}.Release|Any CPU.Build.0 = Release|Any CPU
	EndGlobalSection
	GlobalSection(SolutionProperties) = preSolution
		HideSolutionNode = FALSE
	EndGlobalSection
	GlobalSection(ExtensibilityGlobals) = postSolution
		SolutionGuid = {B592D582-ABFD-48C8-8D4A-4B53E0355183}
	EndGlobalSection
EndGlobal
